
Microsoft Visual Studio Solution File, Format Version 12.00
# Visual Studio Version 16
VisualStudioVersion = 16.0.29806.167
MinimumVisualStudioVersion = 10.0.40219.1
Project("{8BC9CEB8-8B4A-11D0-8D11-00A0C91BC942}") = "Asteroids1", "Asteroids1.vcxproj", "{9AFECC4F-DD17-4C3E-99B6-B6561F453206}"
EndProject
Global
	GlobalSection(SolutionConfigurationPlatforms) = preSolution
		Debug|x64 = Debug|x64
		Debug|x86 = Debug|x86
		Release|x64 = Release|x64
		Release|x86 = Release|x86
	EndGlobalSection
	GlobalSection(ProjectConfigurationPlatforms) = postSolution
		{9AFECC4F-DD17-4C3E-99B6-B6561F453206}.Debug|x64.ActiveCfg = Debug|x64
		{9AFECC4F-DD17-4C3E-99B6-B6561F453206}.Debug|x64.Build.0 = Debug|x64
		{9AFECC4F-DD17-4C3E-99B6-B6561F453206}.Debug|x86.ActiveCfg = Debug|Win32
		{9AFECC4F-DD17-4C3E-99B6-B6561F453206}.Debug|x86.Build.0 = Debug|Win32
		{9AFECC4F-DD17-4C3E-99B6-B6561F453206}.Release|x64.ActiveCfg = Release|x64
		{9AFECC4F-DD17-4C3E-99B6-B6561F453206}.Release|x64.Build.0 = Release|x64
		{9AFECC4F-DD17-4C3E-99B6-B6561F453206}.Release|x86.ActiveCfg = Release|Win32
		{9AFECC4F-DD17-4C3E-99B6-B6561F453206}.Release|x86.Build.0 = Release|Win32
	EndGlobalSection
	GlobalSection(SolutionProperties) = preSolution
		HideSolutionNode = FALSE
	EndGlobalSection
	GlobalSection(ExtensibilityGlobals) = postSolution
		SolutionGuid = {9EC339D7-6903-409B-9DDF-69CAF6E008B4}
	EndGlobalSection
EndGlobal
